
Microsoft Visual Studio Solution File, Format Version 12.00
# Visual Studio Version 17
VisualStudioVersion = 17.5.33414.496
MinimumVisualStudioVersion = 10.0.40219.1
Project("{FAE04EC0-301F-11D3-BF4B-00C04F79EFBC}") = "websocker_push", "websocker_push\websocker_push.csproj", "{D6F3AC9C-B84F-4EAB-A34B-9345D86BE254}"
EndProject
Global
	GlobalSection(SolutionConfigurationPlatforms) = preSolution
		Debug|Any CPU = Debug|Any CPU
		Release|Any CPU = Release|Any CPU
	EndGlobalSection
	GlobalSection(ProjectConfigurationPlatforms) = postSolution
		{D6F3AC9C-B84F-4EAB-A34B-9345D86BE254}.Debug|Any CPU.ActiveCfg = Debug|Any CPU
		{D6F3AC9C-B84F-4EAB-A34B-9345D86BE254}.Debug|Any CPU.Build.0 = Debug|Any CPU
		{D6F3AC9C-B84F-4EAB-A34B-9345D86BE254}.Release|Any CPU.ActiveCfg = Release|Any CPU
		{D6F3AC9C-B84F-4EAB-A34B-9345D86BE254}.Release|Any CPU.Build.0 = Release|Any CPU
	EndGlobalSection
	GlobalSection(SolutionProperties) = preSolution
		HideSolutionNode = FALSE
	EndGlobalSection
	GlobalSection(ExtensibilityGlobals) = postSolution
		SolutionGuid = {ACAEF539-17CF-4592-BF5A-604A0EA3D504}
	EndGlobalSection
EndGlobal
